
Microsoft Visual Studio Solution File, Format Version 12.00
# Visual Studio 2012
Project("{F2A71F9B-5D33-465A-A702-920D77279786}") = "V1ObjModelExample", "V1ObjModelExample\V1ObjModelExample.fsproj", "{BA395F08-9571-42AC-B3EE-F5F0CCED1AA6}"
EndProject
Global
	GlobalSection(SolutionConfigurationPlatforms) = preSolution
		Debug|Any CPU = Debug|Any CPU
		Release|Any CPU = Release|Any CPU
	EndGlobalSection
	GlobalSection(ProjectConfigurationPlatforms) = postSolution
		{BA395F08-9571-42AC-B3EE-F5F0CCED1AA6}.Debug|Any CPU.ActiveCfg = Debug|Any CPU
		{BA395F08-9571-42AC-B3EE-F5F0CCED1AA6}.Debug|Any CPU.Build.0 = Debug|Any CPU
		{BA395F08-9571-42AC-B3EE-F5F0CCED1AA6}.Release|Any CPU.ActiveCfg = Release|Any CPU
		{BA395F08-9571-42AC-B3EE-F5F0CCED1AA6}.Release|Any CPU.Build.0 = Release|Any CPU
	EndGlobalSection
	GlobalSection(SolutionProperties) = preSolution
		HideSolutionNode = FALSE
	EndGlobalSection
EndGlobal
